
Microsoft Visual Studio Solution File, Format Version 12.00
# Visual Studio Version 16
VisualStudioVersion = 16.0.29613.14
MinimumVisualStudioVersion = 10.0.40219.1
Project("{9A19103F-16F7-4668-BE54-9A1E7A4F7556}") = "webapi-base-framework", "webapi-base-framework\webapi-base-framework.csproj", "{F3491BA1-2C69-4B2A-B55B-8DA6CBCE7205}"
EndProject
Global
	GlobalSection(SolutionConfigurationPlatforms) = preSolution
		Debug|Any CPU = Debug|Any CPU
		Release|Any CPU = Release|Any CPU
	EndGlobalSection
	GlobalSection(ProjectConfigurationPlatforms) = postSolution
		{F3491BA1-2C69-4B2A-B55B-8DA6CBCE7205}.Debug|Any CPU.ActiveCfg = Debug|Any CPU
		{F3491BA1-2C69-4B2A-B55B-8DA6CBCE7205}.Debug|Any CPU.Build.0 = Debug|Any CPU
		{F3491BA1-2C69-4B2A-B55B-8DA6CBCE7205}.Release|Any CPU.ActiveCfg = Release|Any CPU
		{F3491BA1-2C69-4B2A-B55B-8DA6CBCE7205}.Release|Any CPU.Build.0 = Release|Any CPU
	EndGlobalSection
	GlobalSection(SolutionProperties) = preSolution
		HideSolutionNode = FALSE
	EndGlobalSection
	GlobalSection(ExtensibilityGlobals) = postSolution
		SolutionGuid = {F8CA51B8-8A0A-49C1-9D09-C359FCE88AD7}
	EndGlobalSection
EndGlobal
